
Microsoft Visual Studio Solution File, Format Version 12.00
# Visual Studio Version 17
VisualStudioVersion = 17.9.34902.65
MinimumVisualStudioVersion = 10.0.40219.1
Project("{FAE04EC0-301F-11D3-BF4B-00C04F79EFBC}") = "ORM_CodeFirst_Domain", "ORM_CodeFirst_Domain\ORM_CodeFirst_Domain.csproj", "{E108C64E-B049-401F-BD78-EBEFB5EB8C70}"
EndProject
Project("{FAE04EC0-301F-11D3-BF4B-00C04F79EFBC}") = "ORM_CodeFirst_Infrastructure", "ORM_CodeFirst_Infrastructure\ORM_CodeFirst_Infrastructure.csproj", "{5F952775-9639-4C4D-A28B-FC1D38F4DCF6}"
EndProject
Global
	GlobalSection(SolutionConfigurationPlatforms) = preSolution
		Debug|Any CPU = Debug|Any CPU
		Release|Any CPU = Release|Any CPU
	EndGlobalSection
	GlobalSection(ProjectConfigurationPlatforms) = postSolution
		{E108C64E-B049-401F-BD78-EBEFB5EB8C70}.Debug|Any CPU.ActiveCfg = Debug|Any CPU
		{E108C64E-B049-401F-BD78-EBEFB5EB8C70}.Debug|Any CPU.Build.0 = Debug|Any CPU
		{E108C64E-B049-401F-BD78-EBEFB5EB8C70}.Release|Any CPU.ActiveCfg = Release|Any CPU
		{E108C64E-B049-401F-BD78-EBEFB5EB8C70}.Release|Any CPU.Build.0 = Release|Any CPU
		{5F952775-9639-4C4D-A28B-FC1D38F4DCF6}.Debug|Any CPU.ActiveCfg = Debug|Any CPU
		{5F952775-9639-4C4D-A28B-FC1D38F4DCF6}.Debug|Any CPU.Build.0 = Debug|Any CPU
		{5F952775-9639-4C4D-A28B-FC1D38F4DCF6}.Release|Any CPU.ActiveCfg = Release|Any CPU
		{5F952775-9639-4C4D-A28B-FC1D38F4DCF6}.Release|Any CPU.Build.0 = Release|Any CPU
	EndGlobalSection
	GlobalSection(SolutionProperties) = preSolution
		HideSolutionNode = FALSE
	EndGlobalSection
	GlobalSection(ExtensibilityGlobals) = postSolution
		SolutionGuid = {3DFE05A3-125A-48EE-AE8A-59E4F36C4A8B}
	EndGlobalSection
EndGlobal
